
Microsoft Visual Studio Solution File, Format Version 12.00
# Visual Studio Version 16
VisualStudioVersion = 16.0.29613.14
MinimumVisualStudioVersion = 10.0.40219.1
Project("{FAE04EC0-301F-11D3-BF4B-00C04F79EFBC}") = "CollectionsEx", "CollectionsEx.csproj", "{4849A627-33C3-43C1-99AB-A023F9773F00}"
EndProject
Global
	GlobalSection(SolutionConfigurationPlatforms) = preSolution
		Debug|Any CPU = Debug|Any CPU
		Release|Any CPU = Release|Any CPU
	EndGlobalSection
	GlobalSection(ProjectConfigurationPlatforms) = postSolution
		{4849A627-33C3-43C1-99AB-A023F9773F00}.Debug|Any CPU.ActiveCfg = Debug|Any CPU
		{4849A627-33C3-43C1-99AB-A023F9773F00}.Debug|Any CPU.Build.0 = Debug|Any CPU
		{4849A627-33C3-43C1-99AB-A023F9773F00}.Release|Any CPU.ActiveCfg = Release|Any CPU
		{4849A627-33C3-43C1-99AB-A023F9773F00}.Release|Any CPU.Build.0 = Release|Any CPU
	EndGlobalSection
	GlobalSection(SolutionProperties) = preSolution
		HideSolutionNode = FALSE
	EndGlobalSection
	GlobalSection(ExtensibilityGlobals) = postSolution
		SolutionGuid = {F1E47CD0-F5E6-4B78-81D4-B5D66B6727D2}
	EndGlobalSection
EndGlobal
