
Microsoft Visual Studio Solution File, Format Version 12.00
# Visual Studio Version 16
VisualStudioVersion = 16.0.29613.14
MinimumVisualStudioVersion = 10.0.40219.1
Project("{FAE04EC0-301F-11D3-BF4B-00C04F79EFBC}") = "DateDemo", "DateDemo.csproj", "{5A6753FD-B3A7-493B-87A6-7E37EB3A6946}"
EndProject
Global
	GlobalSection(SolutionConfigurationPlatforms) = preSolution
		Debug|Any CPU = Debug|Any CPU
		Release|Any CPU = Release|Any CPU
	EndGlobalSection
	GlobalSection(ProjectConfigurationPlatforms) = postSolution
		{5A6753FD-B3A7-493B-87A6-7E37EB3A6946}.Debug|Any CPU.ActiveCfg = Debug|Any CPU
		{5A6753FD-B3A7-493B-87A6-7E37EB3A6946}.Debug|Any CPU.Build.0 = Debug|Any CPU
		{5A6753FD-B3A7-493B-87A6-7E37EB3A6946}.Release|Any CPU.ActiveCfg = Release|Any CPU
		{5A6753FD-B3A7-493B-87A6-7E37EB3A6946}.Release|Any CPU.Build.0 = Release|Any CPU
	EndGlobalSection
	GlobalSection(SolutionProperties) = preSolution
		HideSolutionNode = FALSE
	EndGlobalSection
	GlobalSection(ExtensibilityGlobals) = postSolution
		SolutionGuid = {4E83AED4-295E-4D5D-972B-B65E49306DFF}
	EndGlobalSection
EndGlobal
